
Microsoft Visual Studio Solution File, Format Version 12.00
# Visual Studio Version 16
VisualStudioVersion = 16.0.29806.167
MinimumVisualStudioVersion = 10.0.40219.1
Project("{FAE04EC0-301F-11D3-BF4B-00C04F79EFBC}") = "E-comerce", "E-comerce\E-comerce.csproj", "{13E69DF5-54B2-439D-9105-0EA320915F81}"
EndProject
Global
	GlobalSection(SolutionConfigurationPlatforms) = preSolution
		Debug|Any CPU = Debug|Any CPU
		Release|Any CPU = Release|Any CPU
	EndGlobalSection
	GlobalSection(ProjectConfigurationPlatforms) = postSolution
		{13E69DF5-54B2-439D-9105-0EA320915F81}.Debug|Any CPU.ActiveCfg = Debug|Any CPU
		{13E69DF5-54B2-439D-9105-0EA320915F81}.Debug|Any CPU.Build.0 = Debug|Any CPU
		{13E69DF5-54B2-439D-9105-0EA320915F81}.Release|Any CPU.ActiveCfg = Release|Any CPU
		{13E69DF5-54B2-439D-9105-0EA320915F81}.Release|Any CPU.Build.0 = Release|Any CPU
	EndGlobalSection
	GlobalSection(SolutionProperties) = preSolution
		HideSolutionNode = FALSE
	EndGlobalSection
	GlobalSection(ExtensibilityGlobals) = postSolution
		SolutionGuid = {D1BB4990-6865-4B3C-9919-B2A6A58B9605}
	EndGlobalSection
EndGlobal
